
Microsoft Visual Studio Solution File, Format Version 12.00
# Visual Studio Version 16
VisualStudioVersion = 16.0.30309.148
MinimumVisualStudioVersion = 10.0.40219.1
Project("{FAE04EC0-301F-11D3-BF4B-00C04F79EFBC}") = "TryGetResultInTheSameSelect", "TryGetResultInTheSameSelect.csproj", "{FEA22449-655F-40BE-97AD-CD0D48184EF5}"
EndProject
Global
	GlobalSection(SolutionConfigurationPlatforms) = preSolution
		Debug|Any CPU = Debug|Any CPU
		Release|Any CPU = Release|Any CPU
	EndGlobalSection
	GlobalSection(ProjectConfigurationPlatforms) = postSolution
		{FEA22449-655F-40BE-97AD-CD0D48184EF5}.Debug|Any CPU.ActiveCfg = Debug|Any CPU
		{FEA22449-655F-40BE-97AD-CD0D48184EF5}.Debug|Any CPU.Build.0 = Debug|Any CPU
		{FEA22449-655F-40BE-97AD-CD0D48184EF5}.Release|Any CPU.ActiveCfg = Release|Any CPU
		{FEA22449-655F-40BE-97AD-CD0D48184EF5}.Release|Any CPU.Build.0 = Release|Any CPU
	EndGlobalSection
	GlobalSection(SolutionProperties) = preSolution
		HideSolutionNode = FALSE
	EndGlobalSection
	GlobalSection(ExtensibilityGlobals) = postSolution
		SolutionGuid = {E877FFCB-C5F8-423F-9378-6B10CC3218B1}
	EndGlobalSection
EndGlobal
